PODS:
  - Flutter (1.0.0)
  - share_alipay (0.0.1):
    - Flutter

DEPENDENCIES:
  - Flutter (from `Flutter`)
  - share_alipay (from `.symlinks/plugins/share_alipay/ios`)

EXTERNAL SOURCES:
  Flutter:
    :path: Flutter
  share_alipay:
    :path: ".symlinks/plugins/share_alipay/ios"

SPEC CHECKSUMS:
  Flutter: 50d75fe2f02b26cc09d224853bb45737f8b3214a
  share_alipay: 0be0f39e5520cd99ad73193642bc24dfe67c0747

PODFILE CHECKSUM: 1d62be80675f50e63eb2f851d55ee75f09951c1b

COCOAPODS: 1.11.2
